
Microsoft Visual Studio Solution File, Format Version 12.00
# Visual Studio Version 17
VisualStudioVersion = 17.5.33627.172
MinimumVisualStudioVersion = 10.0.40219.1
Project("{9A19103F-16F7-4668-BE54-9A1E7A4F7556}") = "BankApp", "Yesotronics\BankApp.csproj", "{73F20E9B-EE96-4A9F-B45E-AF7054C77A45}"
EndProject
Project("{9A19103F-16F7-4668-BE54-9A1E7A4F7556}") = "BankApp.Persistence", "Yosotronics.Persistence\BankApp.Persistence.csproj", "{52F00C9F-1025-45CF-BDFE-1D378C4586E9}"
EndProject
Project("{9A19103F-16F7-4668-BE54-9A1E7A4F7556}") = "BankApp.Domain", "Yesotronics.Domain\BankApp.Domain.csproj", "{77766C51-6E24-46DA-B6FA-7DF50DCB1207}"
EndProject
Project("{9A19103F-16F7-4668-BE54-9A1E7A4F7556}") = "BankApp.Service", "Yesotronics.Service\BankApp.Service.csproj", "{29AD0ACE-E1C7-42B5-B104-5D6C4631F81C}"
EndProject
Global
	GlobalSection(SolutionConfigurationPlatforms) = preSolution
		Debug|Any CPU = Debug|Any CPU
		Release|Any CPU = Release|Any CPU
	EndGlobalSection
	GlobalSection(ProjectConfigurationPlatforms) = postSolution
		{73F20E9B-EE96-4A9F-B45E-AF7054C77A45}.Debug|Any CPU.ActiveCfg = Debug|Any CPU
		{73F20E9B-EE96-4A9F-B45E-AF7054C77A45}.Debug|Any CPU.Build.0 = Debug|Any CPU
		{73F20E9B-EE96-4A9F-B45E-AF7054C77A45}.Release|Any CPU.ActiveCfg = Release|Any CPU
		{73F20E9B-EE96-4A9F-B45E-AF7054C77A45}.Release|Any CPU.Build.0 = Release|Any CPU
		{52F00C9F-1025-45CF-BDFE-1D378C4586E9}.Debug|Any CPU.ActiveCfg = Debug|Any CPU
		{52F00C9F-1025-45CF-BDFE-1D378C4586E9}.Debug|Any CPU.Build.0 = Debug|Any CPU
		{52F00C9F-1025-45CF-BDFE-1D378C4586E9}.Release|Any CPU.ActiveCfg = Release|Any CPU
		{52F00C9F-1025-45CF-BDFE-1D378C4586E9}.Release|Any CPU.Build.0 = Release|Any CPU
		{77766C51-6E24-46DA-B6FA-7DF50DCB1207}.Debug|Any CPU.ActiveCfg = Debug|Any CPU
		{77766C51-6E24-46DA-B6FA-7DF50DCB1207}.Debug|Any CPU.Build.0 = Debug|Any CPU
		{77766C51-6E24-46DA-B6FA-7DF50DCB1207}.Release|Any CPU.ActiveCfg = Release|Any CPU
		{77766C51-6E24-46DA-B6FA-7DF50DCB1207}.Release|Any CPU.Build.0 = Release|Any CPU
		{29AD0ACE-E1C7-42B5-B104-5D6C4631F81C}.Debug|Any CPU.ActiveCfg = Debug|Any CPU
		{29AD0ACE-E1C7-42B5-B104-5D6C4631F81C}.Debug|Any CPU.Build.0 = Debug|Any CPU
		{29AD0ACE-E1C7-42B5-B104-5D6C4631F81C}.Release|Any CPU.ActiveCfg = Release|Any CPU
		{29AD0ACE-E1C7-42B5-B104-5D6C4631F81C}.Release|Any CPU.Build.0 = Release|Any CPU
	EndGlobalSection
	GlobalSection(SolutionProperties) = preSolution
		HideSolutionNode = FALSE
	EndGlobalSection
	GlobalSection(ExtensibilityGlobals) = postSolution
		SolutionGuid = {A9C1519F-B094-4C9E-BC06-C164311D9F4A}
	EndGlobalSection
EndGlobal
